// !$*UTF8*$!
{
	archiveVersion = 1;
	classes = {
	};
	objectVersion = 56;
	objects = {

/* Begin PBXBuildFile section */
		1700F3BD2B51D713009D0A62 /* FirestoreExtensions.swift in Sources */ = {isa = PBXBuildFile; fileRef = 1700F3BC2B51D713009D0A62 /* FirestoreExtensions.swift */; };
		170948642BAB5BB2007E3E8B /* AnalysisView.swift in Sources */ = {isa = PBXBuildFile; fileRef = 170948632BAB5BB2007E3E8B /* AnalysisView.swift */; };
		170948862BAE3E24007E3E8B /* tempSignOut.swift in Sources */ = {isa = PBXBuildFile; fileRef = 170948852BAE3E24007E3E8B /* tempSignOut.swift */; };
		170948892BAE8900007E3E8B /* InsightsView.swift in Sources */ = {isa = PBXBuildFile; fileRef = 170948882BAE8900007E3E8B /* InsightsView.swift */; };
		1709488B2BAE8CAB007E3E8B /* LineChartView.swift in Sources */ = {isa = PBXBuildFile; fileRef = 1709488A2BAE8CAB007E3E8B /* LineChartView.swift */; };
		1709488D2BAE8E5B007E3E8B /* AnalysisViewExtensions.swift in Sources */ = {isa = PBXBuildFile; fileRef = 1709488C2BAE8E5B007E3E8B /* AnalysisViewExtensions.swift */; };
		1709488F2BAE8FB1007E3E8B /* StylesMedTracker.swift in Sources */ = {isa = PBXBuildFile; fileRef = 1709488E2BAE8FB1007E3E8B /* StylesMedTracker.swift */; };
		170948972BAE96BB007E3E8B /* ChartView.swift in Sources */ = {isa = PBXBuildFile; fileRef = 170948962BAE96BB007E3E8B /* ChartView.swift */; };
		170948992BAEA033007E3E8B /* BarChartView.swift in Sources */ = {isa = PBXBuildFile; fileRef = 170948982BAEA033007E3E8B /* BarChartView.swift */; };
		170C07F62B51EE3A00AB937A /* WelcomeView.swift in Sources */ = {isa = PBXBuildFile; fileRef = 170C07F52B51EE3A00AB937A /* WelcomeView.swift */; };
		17117A072BB75B050009FED6 /* ChangingText.swift in Sources */ = {isa = PBXBuildFile; fileRef = 17117A062BB75B050009FED6 /* ChangingText.swift */; };
		1718E8B72B4F3736001691B8 /* GoogleService-Info.plist in Resources */ = {isa = PBXBuildFile; fileRef = 1718E8B62B4F3736001691B8 /* GoogleService-Info.plist */; };
		173EF2722BB0D11200F7ACF9 /* CreateSymptomView.swift in Sources */ = {isa = PBXBuildFile; fileRef = 173EF2712BB0D11200F7ACF9 /* CreateSymptomView.swift */; };
		173EF2982BB137BE00F7ACF9 /* IconModel.swift in Sources */ = {isa = PBXBuildFile; fileRef = 173EF2972BB137BE00F7ACF9 /* IconModel.swift */; };
		173EF29A2BB1B68C00F7ACF9 /* IconPicker.swift in Sources */ = {isa = PBXBuildFile; fileRef = 173EF2992BB1B68C00F7ACF9 /* IconPicker.swift */; };
		173EF29D2BB1BA5900F7ACF9 /* ColorExtensions.swift in Sources */ = {isa = PBXBuildFile; fileRef = 173EF29C2BB1BA5900F7ACF9 /* ColorExtensions.swift */; };
		173EF29F2BB1C9DB00F7ACF9 /* IconColorView.swift in Sources */ = {isa = PBXBuildFile; fileRef = 173EF29E2BB1C9DB00F7ACF9 /* IconColorView.swift */; };
		173EF2A12BB1D23700F7ACF9 /* HelpView.swift in Sources */ = {isa = PBXBuildFile; fileRef = 173EF2A02BB1D23700F7ACF9 /* HelpView.swift */; };
		173EF2A32BB1DEE700F7ACF9 /* NotificationsView.swift in Sources */ = {isa = PBXBuildFile; fileRef = 173EF2A22BB1DEE700F7ACF9 /* NotificationsView.swift */; };
		173EF2A62BB20C9700F7ACF9 /* WeeklyNotificationsView.swift in Sources */ = {isa = PBXBuildFile; fileRef = 173EF2A52BB20C9700F7ACF9 /* WeeklyNotificationsView.swift */; };
		1763C8042BC76E1C00F9BDED /* DoctorsViewModel.swift in Sources */ = {isa = PBXBuildFile; fileRef = 1763C8032BC76E1C00F9BDED /* DoctorsViewModel.swift */; };
		1763C8062BC8076D00F9BDED /* AddDoctorView.swift in Sources */ = {isa = PBXBuildFile; fileRef = 1763C8052BC8076D00F9BDED /* AddDoctorView.swift */; };
		177B37632B575433009CB58D /* ShowEditSymptomView.swift in Sources */ = {isa = PBXBuildFile; fileRef = 177B37622B575433009CB58D /* ShowEditSymptomView.swift */; };
		177BB6B32BC6FED6000C8E26 /* AnnotationView.swift in Sources */ = {isa = PBXBuildFile; fileRef = 177BB6B22BC6FED6000C8E26 /* AnnotationView.swift */; };
		177BB6D52BC7126A000C8E26 /* ShareButtonView.swift in Sources */ = {isa = PBXBuildFile; fileRef = 177BB6D42BC7126A000C8E26 /* ShareButtonView.swift */; };
		177BB6D72BC74DD3000C8E26 /* ProfileView.swift in Sources */ = {isa = PBXBuildFile; fileRef = 177BB6D62BC74DD3000C8E26 /* ProfileView.swift */; };
		1789E8172B59DF0E0087531D /* EditSymptomViewModel.swift in Sources */ = {isa = PBXBuildFile; fileRef = 1789E8162B59DF0E0087531D /* EditSymptomViewModel.swift */; };
		1789E8192B59ED780087531D /* registersView.swift in Sources */ = {isa = PBXBuildFile; fileRef = 1789E8182B59ED780087531D /* registersView.swift */; };
		179E78B62BB70EB500623AF1 /* MandatoryField.swift in Sources */ = {isa = PBXBuildFile; fileRef = 179E78B52BB70EB500623AF1 /* MandatoryField.swift */; };
		179E78B82BB71FB700623AF1 /* Alert+Error.swift in Sources */ = {isa = PBXBuildFile; fileRef = 179E78B72BB71FB700623AF1 /* Alert+Error.swift */; };
		17DBF1C22BB22FE5005DBF11 /* CS_NameView.swift in Sources */ = {isa = PBXBuildFile; fileRef = 17DBF1C12BB22FE5005DBF11 /* CS_NameView.swift */; };
		17DBF1C42BB230D6005DBF11 /* CS_TypeView.swift in Sources */ = {isa = PBXBuildFile; fileRef = 17DBF1C32BB230D6005DBF11 /* CS_TypeView.swift */; };
		17DBF1C62BB2355B005DBF11 /* PersonalizedNotificationsView.swift in Sources */ = {isa = PBXBuildFile; fileRef = 17DBF1C52BB2355B005DBF11 /* PersonalizedNotificationsView.swift */; };
		17DBF1C82BB245ED005DBF11 /* WeeklyIntervalView.swift in Sources */ = {isa = PBXBuildFile; fileRef = 17DBF1C72BB245ED005DBF11 /* WeeklyIntervalView.swift */; };
		17DBF1CA2BB24C26005DBF11 /* NotificationHeaderView.swift in Sources */ = {isa = PBXBuildFile; fileRef = 17DBF1C92BB24C26005DBF11 /* NotificationHeaderView.swift */; };
		17E5CEE82BC08EE600F57199 /* DateUtility.swift in Sources */ = {isa = PBXBuildFile; fileRef = 17E5CEE72BC08EE600F57199 /* DateUtility.swift */; };
		17E5CEEA2BC0B15100F57199 /* NotificationManager.swift in Sources */ = {isa = PBXBuildFile; fileRef = 17E5CEE92BC0B15100F57199 /* NotificationManager.swift */; };
		17F133692B98E401004C6D8F /* GlobalUtilities.swift in Sources */ = {isa = PBXBuildFile; fileRef = 17F133682B98E401004C6D8F /* GlobalUtilities.swift */; };
		F82095A02AF58ACE002F1C28 /* Symptom.swift in Sources */ = {isa = PBXBuildFile; fileRef = F820959F2AF58ACE002F1C28 /* Symptom.swift */; };
		F839EFF12AE0C4AE00CB5327 /* RegisterSymptomView.swift in Sources */ = {isa = PBXBuildFile; fileRef = F839EFF02AE0C4AE00CB5327 /* RegisterSymptomView.swift */; };
		F87256782B128AAA00044A05 /* Notifications.swift in Sources */ = {isa = PBXBuildFile; fileRef = F87256772B128AAA00044A05 /* Notifications.swift */; };
		F8A27C692BBFA656006513FC /* ListItemView.swift in Sources */ = {isa = PBXBuildFile; fileRef = F8A27C682BBFA656006513FC /* ListItemView.swift */; };
		F8B0CA962BC5956500CB8497 /* SegmentedPicker in Frameworks */ = {isa = PBXBuildFile; productRef = F8B0CA952BC5956500CB8497 /* SegmentedPicker */; };
		F8B0CA982BC5956E00CB8497 /* FirebaseAnalytics in Frameworks */ = {isa = PBXBuildFile; productRef = F8B0CA972BC5956E00CB8497 /* FirebaseAnalytics */; };
		F8B0CA9A2BC5957400CB8497 /* FirebaseAuth in Frameworks */ = {isa = PBXBuildFile; productRef = F8B0CA992BC5957400CB8497 /* FirebaseAuth */; };
		F8B0CA9C2BC5957D00CB8497 /* FirebaseFirestore in Frameworks */ = {isa = PBXBuildFile; productRef = F8B0CA9B2BC5957D00CB8497 /* FirebaseFirestore */; };
		F8B0CA9E2BC5958100CB8497 /* FirebaseFirestoreSwift in Frameworks */ = {isa = PBXBuildFile; productRef = F8B0CA9D2BC5958100CB8497 /* FirebaseFirestoreSwift */; };
		F8DEFE3E2BBFA99800936499 /* DateSection.swift in Sources */ = {isa = PBXBuildFile; fileRef = F8DEFE3D2BBFA99800936499 /* DateSection.swift */; };
		FB0EC3942B12721A00E7309B /* MainDoctorView.swift in Sources */ = {isa = PBXBuildFile; fileRef = FB0EC3932B12721A00E7309B /* MainDoctorView.swift */; };
		FB0EC39D2B12D3DC00E7309B /* DismissButtonExtension.swift in Sources */ = {isa = PBXBuildFile; fileRef = FB0EC39C2B12D3DC00E7309B /* DismissButtonExtension.swift */; };
		FB0EC39F2B12FEC600E7309B /* Patient.swift in Sources */ = {isa = PBXBuildFile; fileRef = FB0EC39E2B12FEC600E7309B /* Patient.swift */; };
		FB0EC3A12B12FF9400E7309B /* PatientList.swift in Sources */ = {isa = PBXBuildFile; fileRef = FB0EC3A02B12FF9400E7309B /* PatientList.swift */; };
		FB0EC3A32B13049700E7309B /* rowPatient.swift in Sources */ = {isa = PBXBuildFile; fileRef = FB0EC3A22B13049700E7309B /* rowPatient.swift */; };
		FB0EC3A72B130DEB00E7309B /* DoctorProfileView.swift in Sources */ = {isa = PBXBuildFile; fileRef = FB0EC3A62B130DEB00E7309B /* DoctorProfileView.swift */; };
		FB0EC3A92B13144B00E7309B /* PatientsData.swift in Sources */ = {isa = PBXBuildFile; fileRef = FB0EC3A82B13144A00E7309B /* PatientsData.swift */; };
		FB0EC3AB2B13181300E7309B /* AnalysisDoctorView.swift in Sources */ = {isa = PBXBuildFile; fileRef = FB0EC3AA2B13181300E7309B /* AnalysisDoctorView.swift */; };
		FB17DAB52B0D771F006294BD /* FloatToString.swift in Sources */ = {isa = PBXBuildFile; fileRef = FB17DAB42B0D771F006294BD /* FloatToString.swift */; };
		FB1A55522AFD772900F9A74A /* CustomSlider.swift in Sources */ = {isa = PBXBuildFile; fileRef = FB1A55512AFD772900F9A74A /* CustomSlider.swift */; };
		FB1A55542AFD773F00F9A74A /* Button1MedTracker.swift in Sources */ = {isa = PBXBuildFile; fileRef = FB1A55532AFD773F00F9A74A /* Button1MedTracker.swift */; };
		FB6BBA122B09791A008EFA9A /* AuthService.swift in Sources */ = {isa = PBXBuildFile; fileRef = FB6BBA112B09791A008EFA9A /* AuthService.swift */; };
		FB6BBA142B0979B6008EFA9A /* AuthViewModel.swift in Sources */ = {isa = PBXBuildFile; fileRef = FB6BBA132B0979B6008EFA9A /* AuthViewModel.swift */; };
		FB6BBA162B0A990C008EFA9A /* FormViewModel.swift in Sources */ = {isa = PBXBuildFile; fileRef = FB6BBA152B0A990C008EFA9A /* FormViewModel.swift */; };
		FB7EBC602B0BDF0B00FBAE8D /* EmptyListView.swift in Sources */ = {isa = PBXBuildFile; fileRef = FB7EBC5F2B0BDF0B00FBAE8D /* EmptyListView.swift */; };
		FB86F0712AFEC4160051C6A6 /* SymptomList.swift in Sources */ = {isa = PBXBuildFile; fileRef = FB86F0702AFEC4160051C6A6 /* SymptomList.swift */; };
		FB86F0732AFEC42A0051C6A6 /* RegisterList.swift in Sources */ = {isa = PBXBuildFile; fileRef = FB86F0722AFEC42A0051C6A6 /* RegisterList.swift */; };
		FB87FECF2ADDEE9800F6273B /* medTrackerApp.swift in Sources */ = {isa = PBXBuildFile; fileRef = FB87FECE2ADDEE9800F6273B /* medTrackerApp.swift */; };
		FB87FED12ADDEE9800F6273B /* MainView.swift in Sources */ = {isa = PBXBuildFile; fileRef = FB87FED02ADDEE9800F6273B /* MainView.swift */; };
		FB87FED32ADDEEA100F6273B /* Assets.xcassets in Resources */ = {isa = PBXBuildFile; fileRef = FB87FED22ADDEEA100F6273B /* Assets.xcassets */; };
		FB87FED62ADDEEA100F6273B /* Preview Assets.xcassets in Resources */ = {isa = PBXBuildFile; fileRef = FB87FED52ADDEEA100F6273B /* Preview Assets.xcassets */; };
		FB9959A62B0C109500B0A888 /* HelperFunctions.swift in Sources */ = {isa = PBXBuildFile; fileRef = FB9959A52B0C109500B0A888 /* HelperFunctions.swift */; };
		FBB5AD362AFC2829003918CA /* Register.swift in Sources */ = {isa = PBXBuildFile; fileRef = FBB5AD352AFC2829003918CA /* Register.swift */; };
		FBC7EF742B08263A00EDD70F /* UserModel.swift in Sources */ = {isa = PBXBuildFile; fileRef = FBC7EF732B08263A00EDD70F /* UserModel.swift */; };
		FBD940AF2AFD73E800C3BD11 /* EditSymptomView.swift in Sources */ = {isa = PBXBuildFile; fileRef = FBD940AE2AFD73E800C3BD11 /* EditSymptomView.swift */; };
		FBD940B12AFD74D100C3BD11 /* AuthenticationView.swift in Sources */ = {isa = PBXBuildFile; fileRef = FBD940B02AFD74D100C3BD11 /* AuthenticationView.swift */; };
		FBD940B32AFD754A00C3BD11 /* RegisterView.swift in Sources */ = {isa = PBXBuildFile; fileRef = FBD940B22AFD754A00C3BD11 /* RegisterView.swift */; };
		FBD940B52AFD759D00C3BD11 /* LogInView.swift in Sources */ = {isa = PBXBuildFile; fileRef = FBD940B42AFD759D00C3BD11 /* LogInView.swift */; };
		FBD940B72AFD763000C3BD11 /* HomeView.swift in Sources */ = {isa = PBXBuildFile; fileRef = FBD940B62AFD763000C3BD11 /* HomeView.swift */; };
		FBE41E742AF6D464007B48E5 /* User.swift in Sources */ = {isa = PBXBuildFile; fileRef = FBE41E732AF6D464007B48E5 /* User.swift */; };
		FBEC06372B0814B6007AC73B /* Repository.swift in Sources */ = {isa = PBXBuildFile; fileRef = FBEC06362B0814B6007AC73B /* Repository.swift */; };
/* End PBXBuildFile section */

/* Begin PBXFileReference section */
		1700F3BC2B51D713009D0A62 /* FirestoreExtensions.swift */ = {isa = PBXFileReference; lastKnownFileType = sourcecode.swift; path = FirestoreExtensions.swift; sourceTree = "<group>"; };
		170948632BAB5BB2007E3E8B /* AnalysisView.swift */ = {isa = PBXFileReference; lastKnownFileType = sourcecode.swift; path = AnalysisView.swift; sourceTree = "<group>"; };
		170948852BAE3E24007E3E8B /* tempSignOut.swift */ = {isa = PBXFileReference; lastKnownFileType = sourcecode.swift; path = tempSignOut.swift; sourceTree = "<group>"; };
		170948882BAE8900007E3E8B /* InsightsView.swift */ = {isa = PBXFileReference; lastKnownFileType = sourcecode.swift; path = InsightsView.swift; sourceTree = "<group>"; };
		1709488A2BAE8CAB007E3E8B /* LineChartView.swift */ = {isa = PBXFileReference; lastKnownFileType = sourcecode.swift; path = LineChartView.swift; sourceTree = "<group>"; };
		1709488C2BAE8E5B007E3E8B /* AnalysisViewExtensions.swift */ = {isa = PBXFileReference; lastKnownFileType = sourcecode.swift; path = AnalysisViewExtensions.swift; sourceTree = "<group>"; };
		1709488E2BAE8FB1007E3E8B /* StylesMedTracker.swift */ = {isa = PBXFileReference; lastKnownFileType = sourcecode.swift; path = StylesMedTracker.swift; sourceTree = "<group>"; };
		170948962BAE96BB007E3E8B /* ChartView.swift */ = {isa = PBXFileReference; lastKnownFileType = sourcecode.swift; path = ChartView.swift; sourceTree = "<group>"; };
		170948982BAEA033007E3E8B /* BarChartView.swift */ = {isa = PBXFileReference; lastKnownFileType = sourcecode.swift; path = BarChartView.swift; sourceTree = "<group>"; };
		170C07F52B51EE3A00AB937A /* WelcomeView.swift */ = {isa = PBXFileReference; lastKnownFileType = sourcecode.swift; path = WelcomeView.swift; sourceTree = "<group>"; };
		17117A062BB75B050009FED6 /* ChangingText.swift */ = {isa = PBXFileReference; lastKnownFileType = sourcecode.swift; path = ChangingText.swift; sourceTree = "<group>"; };
		1718E8B62B4F3736001691B8 /* GoogleService-Info.plist */ = {isa = PBXFileReference; fileEncoding = 4; lastKnownFileType = text.plist.xml; path = "GoogleService-Info.plist"; sourceTree = "<group>"; };
		173EF2712BB0D11200F7ACF9 /* CreateSymptomView.swift */ = {isa = PBXFileReference; lastKnownFileType = sourcecode.swift; path = CreateSymptomView.swift; sourceTree = "<group>"; };
		173EF2972BB137BE00F7ACF9 /* IconModel.swift */ = {isa = PBXFileReference; lastKnownFileType = sourcecode.swift; path = IconModel.swift; sourceTree = "<group>"; };
		173EF2992BB1B68C00F7ACF9 /* IconPicker.swift */ = {isa = PBXFileReference; lastKnownFileType = sourcecode.swift; path = IconPicker.swift; sourceTree = "<group>"; };
		173EF29C2BB1BA5900F7ACF9 /* ColorExtensions.swift */ = {isa = PBXFileReference; lastKnownFileType = sourcecode.swift; path = ColorExtensions.swift; sourceTree = "<group>"; };
		173EF29E2BB1C9DB00F7ACF9 /* IconColorView.swift */ = {isa = PBXFileReference; lastKnownFileType = sourcecode.swift; path = IconColorView.swift; sourceTree = "<group>"; };
		173EF2A02BB1D23700F7ACF9 /* HelpView.swift */ = {isa = PBXFileReference; lastKnownFileType = sourcecode.swift; path = HelpView.swift; sourceTree = "<group>"; };
		173EF2A22BB1DEE700F7ACF9 /* NotificationsView.swift */ = {isa = PBXFileReference; lastKnownFileType = sourcecode.swift; path = NotificationsView.swift; sourceTree = "<group>"; };
		173EF2A52BB20C9700F7ACF9 /* WeeklyNotificationsView.swift */ = {isa = PBXFileReference; lastKnownFileType = sourcecode.swift; path = WeeklyNotificationsView.swift; sourceTree = "<group>"; };
		1763C8032BC76E1C00F9BDED /* DoctorsViewModel.swift */ = {isa = PBXFileReference; lastKnownFileType = sourcecode.swift; path = DoctorsViewModel.swift; sourceTree = "<group>"; };
		1763C8052BC8076D00F9BDED /* AddDoctorView.swift */ = {isa = PBXFileReference; lastKnownFileType = sourcecode.swift; path = AddDoctorView.swift; sourceTree = "<group>"; };
		177B37622B575433009CB58D /* ShowEditSymptomView.swift */ = {isa = PBXFileReference; lastKnownFileType = sourcecode.swift; path = ShowEditSymptomView.swift; sourceTree = "<group>"; };
		177BB6B22BC6FED6000C8E26 /* AnnotationView.swift */ = {isa = PBXFileReference; lastKnownFileType = sourcecode.swift; path = AnnotationView.swift; sourceTree = "<group>"; };
		177BB6D42BC7126A000C8E26 /* ShareButtonView.swift */ = {isa = PBXFileReference; lastKnownFileType = sourcecode.swift; path = ShareButtonView.swift; sourceTree = "<group>"; };
		177BB6D62BC74DD3000C8E26 /* ProfileView.swift */ = {isa = PBXFileReference; lastKnownFileType = sourcecode.swift; path = ProfileView.swift; sourceTree = "<group>"; };
		1789E8162B59DF0E0087531D /* EditSymptomViewModel.swift */ = {isa = PBXFileReference; lastKnownFileType = sourcecode.swift; path = EditSymptomViewModel.swift; sourceTree = "<group>"; };
		1789E8182B59ED780087531D /* registersView.swift */ = {isa = PBXFileReference; lastKnownFileType = sourcecode.swift; path = registersView.swift; sourceTree = "<group>"; };
		179E78B52BB70EB500623AF1 /* MandatoryField.swift */ = {isa = PBXFileReference; lastKnownFileType = sourcecode.swift; path = MandatoryField.swift; sourceTree = "<group>"; };
		179E78B72BB71FB700623AF1 /* Alert+Error.swift */ = {isa = PBXFileReference; lastKnownFileType = sourcecode.swift; path = "Alert+Error.swift"; sourceTree = "<group>"; };
		17DBF1C12BB22FE5005DBF11 /* CS_NameView.swift */ = {isa = PBXFileReference; lastKnownFileType = sourcecode.swift; path = CS_NameView.swift; sourceTree = "<group>"; };
		17DBF1C32BB230D6005DBF11 /* CS_TypeView.swift */ = {isa = PBXFileReference; lastKnownFileType = sourcecode.swift; path = CS_TypeView.swift; sourceTree = "<group>"; };
		17DBF1C52BB2355B005DBF11 /* PersonalizedNotificationsView.swift */ = {isa = PBXFileReference; lastKnownFileType = sourcecode.swift; path = PersonalizedNotificationsView.swift; sourceTree = "<group>"; };
		17DBF1C72BB245ED005DBF11 /* WeeklyIntervalView.swift */ = {isa = PBXFileReference; lastKnownFileType = sourcecode.swift; path = WeeklyIntervalView.swift; sourceTree = "<group>"; };
		17DBF1C92BB24C26005DBF11 /* NotificationHeaderView.swift */ = {isa = PBXFileReference; lastKnownFileType = sourcecode.swift; path = NotificationHeaderView.swift; sourceTree = "<group>"; };
		17E5CEE72BC08EE600F57199 /* DateUtility.swift */ = {isa = PBXFileReference; lastKnownFileType = sourcecode.swift; path = DateUtility.swift; sourceTree = "<group>"; };
		17E5CEE92BC0B15100F57199 /* NotificationManager.swift */ = {isa = PBXFileReference; lastKnownFileType = sourcecode.swift; path = NotificationManager.swift; sourceTree = "<group>"; };
		17F133682B98E401004C6D8F /* GlobalUtilities.swift */ = {isa = PBXFileReference; lastKnownFileType = sourcecode.swift; path = GlobalUtilities.swift; sourceTree = "<group>"; };
		F820959F2AF58ACE002F1C28 /* Symptom.swift */ = {isa = PBXFileReference; lastKnownFileType = sourcecode.swift; path = Symptom.swift; sourceTree = "<group>"; };
		F839EFF02AE0C4AE00CB5327 /* RegisterSymptomView.swift */ = {isa = PBXFileReference; lastKnownFileType = sourcecode.swift; path = RegisterSymptomView.swift; sourceTree = "<group>"; };
		F87256772B128AAA00044A05 /* Notifications.swift */ = {isa = PBXFileReference; lastKnownFileType = sourcecode.swift; path = Notifications.swift; sourceTree = "<group>"; };
		F8A27C682BBFA656006513FC /* ListItemView.swift */ = {isa = PBXFileReference; lastKnownFileType = sourcecode.swift; path = ListItemView.swift; sourceTree = "<group>"; };
		F8D6CC832AFEE2A700736DFB /* TextFieldMedTracker1.swift */ = {isa = PBXFileReference; lastKnownFileType = sourcecode.swift; path = TextFieldMedTracker1.swift; sourceTree = "<group>"; };
		F8DEFE3D2BBFA99800936499 /* DateSection.swift */ = {isa = PBXFileReference; lastKnownFileType = sourcecode.swift; path = DateSection.swift; sourceTree = "<group>"; };
		FB0EC3932B12721A00E7309B /* MainDoctorView.swift */ = {isa = PBXFileReference; lastKnownFileType = sourcecode.swift; path = MainDoctorView.swift; sourceTree = "<group>"; };
		FB0EC39C2B12D3DC00E7309B /* DismissButtonExtension.swift */ = {isa = PBXFileReference; lastKnownFileType = sourcecode.swift; path = DismissButtonExtension.swift; sourceTree = "<group>"; };
		FB0EC39E2B12FEC600E7309B /* Patient.swift */ = {isa = PBXFileReference; lastKnownFileType = sourcecode.swift; path = Patient.swift; sourceTree = "<group>"; };
		FB0EC3A02B12FF9400E7309B /* PatientList.swift */ = {isa = PBXFileReference; lastKnownFileType = sourcecode.swift; path = PatientList.swift; sourceTree = "<group>"; };
		FB0EC3A22B13049700E7309B /* rowPatient.swift */ = {isa = PBXFileReference; lastKnownFileType = sourcecode.swift; path = rowPatient.swift; sourceTree = "<group>"; };
		FB0EC3A62B130DEB00E7309B /* DoctorProfileView.swift */ = {isa = PBXFileReference; lastKnownFileType = sourcecode.swift; path = DoctorProfileView.swift; sourceTree = "<group>"; };
		FB0EC3A82B13144A00E7309B /* PatientsData.swift */ = {isa = PBXFileReference; lastKnownFileType = sourcecode.swift; path = PatientsData.swift; sourceTree = "<group>"; };
		FB0EC3AA2B13181300E7309B /* AnalysisDoctorView.swift */ = {isa = PBXFileReference; lastKnownFileType = sourcecode.swift; path = AnalysisDoctorView.swift; sourceTree = "<group>"; };
		FB17DAB42B0D771F006294BD /* FloatToString.swift */ = {isa = PBXFileReference; lastKnownFileType = sourcecode.swift; path = FloatToString.swift; sourceTree = "<group>"; };
		FB1A55512AFD772900F9A74A /* CustomSlider.swift */ = {isa = PBXFileReference; lastKnownFileType = sourcecode.swift; path = CustomSlider.swift; sourceTree = "<group>"; };
		FB1A55532AFD773F00F9A74A /* Button1MedTracker.swift */ = {isa = PBXFileReference; lastKnownFileType = sourcecode.swift; path = Button1MedTracker.swift; sourceTree = "<group>"; };
		FB6BBA112B09791A008EFA9A /* AuthService.swift */ = {isa = PBXFileReference; lastKnownFileType = sourcecode.swift; path = AuthService.swift; sourceTree = "<group>"; };
		FB6BBA132B0979B6008EFA9A /* AuthViewModel.swift */ = {isa = PBXFileReference; lastKnownFileType = sourcecode.swift; path = AuthViewModel.swift; sourceTree = "<group>"; };
		FB6BBA152B0A990C008EFA9A /* FormViewModel.swift */ = {isa = PBXFileReference; lastKnownFileType = sourcecode.swift; path = FormViewModel.swift; sourceTree = "<group>"; };
		FB7EBC5F2B0BDF0B00FBAE8D /* EmptyListView.swift */ = {isa = PBXFileReference; lastKnownFileType = sourcecode.swift; path = EmptyListView.swift; sourceTree = "<group>"; };
		FB86F0702AFEC4160051C6A6 /* SymptomList.swift */ = {isa = PBXFileReference; lastKnownFileType = sourcecode.swift; path = SymptomList.swift; sourceTree = "<group>"; };
		FB86F0722AFEC42A0051C6A6 /* RegisterList.swift */ = {isa = PBXFileReference; lastKnownFileType = sourcecode.swift; path = RegisterList.swift; sourceTree = "<group>"; };
		FB87FECB2ADDEE9800F6273B /* medTracker.app */ = {isa = PBXFileReference; explicitFileType = wrapper.application; includeInIndex = 0; path = medTracker.app; sourceTree = BUILT_PRODUCTS_DIR; };
		FB87FECE2ADDEE9800F6273B /* medTrackerApp.swift */ = {isa = PBXFileReference; lastKnownFileType = sourcecode.swift; path = medTrackerApp.swift; sourceTree = "<group>"; };
		FB87FED02ADDEE9800F6273B /* MainView.swift */ = {isa = PBXFileReference; lastKnownFileType = sourcecode.swift; path = MainView.swift; sourceTree = "<group>"; };
		FB87FED22ADDEEA100F6273B /* Assets.xcassets */ = {isa = PBXFileReference; lastKnownFileType = folder.assetcatalog; path = Assets.xcassets; sourceTree = "<group>"; };
		FB87FED52ADDEEA100F6273B /* Preview Assets.xcassets */ = {isa = PBXFileReference; lastKnownFileType = folder.assetcatalog; path = "Preview Assets.xcassets"; sourceTree = "<group>"; };
		FB9959A52B0C109500B0A888 /* HelperFunctions.swift */ = {isa = PBXFileReference; lastKnownFileType = sourcecode.swift; path = HelperFunctions.swift; sourceTree = "<group>"; };
		FBB5AD352AFC2829003918CA /* Register.swift */ = {isa = PBXFileReference; lastKnownFileType = sourcecode.swift; path = Register.swift; sourceTree = "<group>"; };
		FBC7EF732B08263A00EDD70F /* UserModel.swift */ = {isa = PBXFileReference; lastKnownFileType = sourcecode.swift; path = UserModel.swift; sourceTree = "<group>"; };
		FBD940AE2AFD73E800C3BD11 /* EditSymptomView.swift */ = {isa = PBXFileReference; lastKnownFileType = sourcecode.swift; path = EditSymptomView.swift; sourceTree = "<group>"; };
		FBD940B02AFD74D100C3BD11 /* AuthenticationView.swift */ = {isa = PBXFileReference; lastKnownFileType = sourcecode.swift; path = AuthenticationView.swift; sourceTree = "<group>"; };
		FBD940B22AFD754A00C3BD11 /* RegisterView.swift */ = {isa = PBXFileReference; lastKnownFileType = sourcecode.swift; path = RegisterView.swift; sourceTree = "<group>"; };
		FBD940B42AFD759D00C3BD11 /* LogInView.swift */ = {isa = PBXFileReference; lastKnownFileType = sourcecode.swift; path = LogInView.swift; sourceTree = "<group>"; };
		FBD940B62AFD763000C3BD11 /* HomeView.swift */ = {isa = PBXFileReference; lastKnownFileType = sourcecode.swift; path = HomeView.swift; sourceTree = "<group>"; };
		FBE41E732AF6D464007B48E5 /* User.swift */ = {isa = PBXFileReference; lastKnownFileType = sourcecode.swift; path = User.swift; sourceTree = "<group>"; };
		FBEC06362B0814B6007AC73B /* Repository.swift */ = {isa = PBXFileReference; lastKnownFileType = sourcecode.swift; path = Repository.swift; sourceTree = "<group>"; };
/* End PBXFileReference section */

/* Begin PBXFrameworksBuildPhase section */
		FB87FEC82ADDEE9800F6273B /* Frameworks */ = {
			isa = PBXFrameworksBuildPhase;
			buildActionMask = 2147483647;
			files = (
				F8B0CA9E2BC5958100CB8497 /* FirebaseFirestoreSwift in Frameworks */,
				F8B0CA982BC5956E00CB8497 /* FirebaseAnalytics in Frameworks */,
				F8B0CA9C2BC5957D00CB8497 /* FirebaseFirestore in Frameworks */,
				F8B0CA9A2BC5957400CB8497 /* FirebaseAuth in Frameworks */,
				F8B0CA962BC5956500CB8497 /* SegmentedPicker in Frameworks */,
			);
			runOnlyForDeploymentPostprocessing = 0;
		};
/* End PBXFrameworksBuildPhase section */

/* Begin PBXGroup section */
		170948872BAE536F007E3E8B /* Analysis */ = {
			isa = PBXGroup;
			children = (
				170948852BAE3E24007E3E8B /* tempSignOut.swift */,
				170948632BAB5BB2007E3E8B /* AnalysisView.swift */,
				170948902BAE95DE007E3E8B /* Chart */,
				170948882BAE8900007E3E8B /* InsightsView.swift */,
				1789E8182B59ED780087531D /* registersView.swift */,
			);
			path = Analysis;
			sourceTree = "<group>";
		};
		170948902BAE95DE007E3E8B /* Chart */ = {
			isa = PBXGroup;
			children = (
				170948962BAE96BB007E3E8B /* ChartView.swift */,
				1709488A2BAE8CAB007E3E8B /* LineChartView.swift */,
				170948982BAEA033007E3E8B /* BarChartView.swift */,
			);
			path = Chart;
			sourceTree = "<group>";
		};
		1718E8B52B4F3716001691B8 /* Resources */ = {
			isa = PBXGroup;
			children = (
				1718E8B62B4F3736001691B8 /* GoogleService-Info.plist */,
				FB87FED22ADDEEA100F6273B /* Assets.xcassets */,
				FB87FED42ADDEEA100F6273B /* Preview Content */,
			);
			path = Resources;
			sourceTree = "<group>";
		};
		173EF2952BB1347000F7ACF9 /* CreateSymptom */ = {
			isa = PBXGroup;
			children = (
				173EF2712BB0D11200F7ACF9 /* CreateSymptomView.swift */,
				17DBF1C02BB22FC6005DBF11 /* CS_Name */,
				17DBF1C32BB230D6005DBF11 /* CS_TypeView.swift */,
				173EF29E2BB1C9DB00F7ACF9 /* IconColorView.swift */,
				173EF2A02BB1D23700F7ACF9 /* HelpView.swift */,
				173EF2A42BB20C3100F7ACF9 /* Notifications */,
			);
			path = CreateSymptom;
			sourceTree = "<group>";
		};
		173EF2962BB1353700F7ACF9 /* IconPicker */ = {
			isa = PBXGroup;
			children = (
				173EF2992BB1B68C00F7ACF9 /* IconPicker.swift */,
				173EF2972BB137BE00F7ACF9 /* IconModel.swift */,
			);
			path = IconPicker;
			sourceTree = "<group>";
		};
		173EF2A42BB20C3100F7ACF9 /* Notifications */ = {
			isa = PBXGroup;
			children = (
				17DBF1C92BB24C26005DBF11 /* NotificationHeaderView.swift */,
				173EF2A22BB1DEE700F7ACF9 /* NotificationsView.swift */,
				173EF2A52BB20C9700F7ACF9 /* WeeklyNotificationsView.swift */,
				17DBF1C52BB2355B005DBF11 /* PersonalizedNotificationsView.swift */,
				17DBF1C72BB245ED005DBF11 /* WeeklyIntervalView.swift */,
				17E5CEE92BC0B15100F57199 /* NotificationManager.swift */,
			);
			path = Notifications;
			sourceTree = "<group>";
		};
		1763C8022BC769B200F9BDED /* CurrentUserViewModel */ = {
			isa = PBXGroup;
			children = (
				FBC7EF732B08263A00EDD70F /* UserModel.swift */,
				1763C8032BC76E1C00F9BDED /* DoctorsViewModel.swift */,
			);
			path = CurrentUserViewModel;
			sourceTree = "<group>";
		};
		17DBF1C02BB22FC6005DBF11 /* CS_Name */ = {
			isa = PBXGroup;
			children = (
				17DBF1C12BB22FE5005DBF11 /* CS_NameView.swift */,
				173EF2962BB1353700F7ACF9 /* IconPicker */,
			);
			path = CS_Name;
			sourceTree = "<group>";
		};
		17E5CEEB2BC38CEA00F57199 /* EditSymptomList */ = {
			isa = PBXGroup;
			children = (
				FBD940AE2AFD73E800C3BD11 /* EditSymptomView.swift */,
				177B37622B575433009CB58D /* ShowEditSymptomView.swift */,
			);
			path = EditSymptomList;
			sourceTree = "<group>";
		};
		F83767772B0172850092CDED /* Recovered References */ = {
			isa = PBXGroup;
			children = (
				F8D6CC832AFEE2A700736DFB /* TextFieldMedTracker1.swift */,
			);
			name = "Recovered References";
			sourceTree = "<group>";
		};
		FB0EC3992B128F0C00E7309B /* DoctorViews */ = {
			isa = PBXGroup;
			children = (
				FB0EC3932B12721A00E7309B /* MainDoctorView.swift */,
				FB0EC3A62B130DEB00E7309B /* DoctorProfileView.swift */,
				FB0EC3AA2B13181300E7309B /* AnalysisDoctorView.swift */,
			);
			path = DoctorViews;
			sourceTree = "<group>";
		};
		FB0EC39B2B12D3C800E7309B /* Utilities */ = {
			isa = PBXGroup;
			children = (
				FB0EC39C2B12D3DC00E7309B /* DismissButtonExtension.swift */,
				1700F3BC2B51D713009D0A62 /* FirestoreExtensions.swift */,
				1709488C2BAE8E5B007E3E8B /* AnalysisViewExtensions.swift */,
				173EF29C2BB1BA5900F7ACF9 /* ColorExtensions.swift */,
				17E5CEE72BC08EE600F57199 /* DateUtility.swift */,
			);
			path = Utilities;
			sourceTree = "<group>";
		};
		FB1A55552AFD793C00F9A74A /* View */ = {
			isa = PBXGroup;
			children = (
				FB7EBC5E2B0BDEF200FBAE8D /* Supporting Views */,
				170C07F52B51EE3A00AB937A /* WelcomeView.swift */,
				FBD940B02AFD74D100C3BD11 /* AuthenticationView.swift */,
				FBD940B22AFD754A00C3BD11 /* RegisterView.swift */,
				FBD940B42AFD759D00C3BD11 /* LogInView.swift */,
				FB87FED02ADDEE9800F6273B /* MainView.swift */,
				FBD940B62AFD763000C3BD11 /* HomeView.swift */,
				17E5CEEB2BC38CEA00F57199 /* EditSymptomList */,
				173EF2952BB1347000F7ACF9 /* CreateSymptom */,
				F839EFF02AE0C4AE00CB5327 /* RegisterSymptomView.swift */,
				170948872BAE536F007E3E8B /* Analysis */,
				FB4C82282B13C13E004AF7B6 /* ProfileView */,
				FB0EC3992B128F0C00E7309B /* DoctorViews */,
			);
			path = View;
			sourceTree = "<group>";
		};
		FB1A55572AFD795200F9A74A /* Models */ = {
			isa = PBXGroup;
			children = (
				FB0EC39E2B12FEC600E7309B /* Patient.swift */,
				F820959F2AF58ACE002F1C28 /* Symptom.swift */,
				FBB5AD352AFC2829003918CA /* Register.swift */,
				FBE41E732AF6D464007B48E5 /* User.swift */,
			);
			path = Models;
			sourceTree = "<group>";
		};
		FB4C82282B13C13E004AF7B6 /* ProfileView */ = {
			isa = PBXGroup;
			children = (
				177BB6D62BC74DD3000C8E26 /* ProfileView.swift */,
				1763C8052BC8076D00F9BDED /* AddDoctorView.swift */,
			);
			name = ProfileView;
			sourceTree = "<group>";
		};
		FB6BBA0D2B0977BB008EFA9A /* Frameworks */ = {
			isa = PBXGroup;
			children = (
			);
			name = Frameworks;
			sourceTree = "<group>";
		};
		FB6BBA102B0978FF008EFA9A /* Services */ = {
			isa = PBXGroup;
			children = (
				FB6BBA112B09791A008EFA9A /* AuthService.swift */,
			);
			path = Services;
			sourceTree = "<group>";
		};
		FB7EBC5E2B0BDEF200FBAE8D /* Supporting Views */ = {
			isa = PBXGroup;
			children = (
				FB7EBC5F2B0BDF0B00FBAE8D /* EmptyListView.swift */,
				FB0EC3A22B13049700E7309B /* rowPatient.swift */,
				179E78B52BB70EB500623AF1 /* MandatoryField.swift */,
				179E78B72BB71FB700623AF1 /* Alert+Error.swift */,
				17117A062BB75B050009FED6 /* ChangingText.swift */,
				177BB6B22BC6FED6000C8E26 /* AnnotationView.swift */,
				177BB6D42BC7126A000C8E26 /* ShareButtonView.swift */,
			);
			path = "Supporting Views";
			sourceTree = "<group>";
		};
		FB86F06F2AFEC3DD0051C6A6 /* ViewModels */ = {
			isa = PBXGroup;
			children = (
				FB0EC3A82B13144A00E7309B /* PatientsData.swift */,
				FB0EC3A02B12FF9400E7309B /* PatientList.swift */,
				FB86F0702AFEC4160051C6A6 /* SymptomList.swift */,
				1763C8022BC769B200F9BDED /* CurrentUserViewModel */,
				FB86F0722AFEC42A0051C6A6 /* RegisterList.swift */,
				FB6BBA132B0979B6008EFA9A /* AuthViewModel.swift */,
				FB6BBA152B0A990C008EFA9A /* FormViewModel.swift */,
				1789E8162B59DF0E0087531D /* EditSymptomViewModel.swift */,
			);
			path = ViewModels;
			sourceTree = "<group>";
		};
		FB87FEC22ADDEE9800F6273B = {
			isa = PBXGroup;
			children = (
				FB87FECD2ADDEE9800F6273B /* medTracker */,
				FB87FECC2ADDEE9800F6273B /* Products */,
				F83767772B0172850092CDED /* Recovered References */,
				FB6BBA0D2B0977BB008EFA9A /* Frameworks */,
			);
			sourceTree = "<group>";
		};
		FB87FECC2ADDEE9800F6273B /* Products */ = {
			isa = PBXGroup;
			children = (
				FB87FECB2ADDEE9800F6273B /* medTracker.app */,
			);
			name = Products;
			sourceTree = "<group>";
		};
		FB87FECD2ADDEE9800F6273B /* medTracker */ = {
			isa = PBXGroup;
			children = (
				FB87FECE2ADDEE9800F6273B /* medTrackerApp.swift */,
				FB1A55552AFD793C00F9A74A /* View */,
				FB86F06F2AFEC3DD0051C6A6 /* ViewModels */,
				FB9959A42B0C107A00B0A888 /* HelperFunctions */,
				FB6BBA102B0978FF008EFA9A /* Services */,
				FBEC06352B081497007AC73B /* Repository */,
				FB1A55572AFD795200F9A74A /* Models */,
				FB9BBE092AFD7C0F0045AACE /* Elements */,
				FB0EC39B2B12D3C800E7309B /* Utilities */,
				1718E8B52B4F3716001691B8 /* Resources */,
			);
			path = medTracker;
			sourceTree = "<group>";
		};
		FB87FED42ADDEEA100F6273B /* Preview Content */ = {
			isa = PBXGroup;
			children = (
				FB87FED52ADDEEA100F6273B /* Preview Assets.xcassets */,
			);
			path = "Preview Content";
			sourceTree = "<group>";
		};
		FB9959A42B0C107A00B0A888 /* HelperFunctions */ = {
			isa = PBXGroup;
			children = (
				FB9959A52B0C109500B0A888 /* HelperFunctions.swift */,
				17F133682B98E401004C6D8F /* GlobalUtilities.swift */,
			);
			path = HelperFunctions;
			sourceTree = "<group>";
		};
		FB9BBE092AFD7C0F0045AACE /* Elements */ = {
			isa = PBXGroup;
			children = (
				F8A27C682BBFA656006513FC /* ListItemView.swift */,
				FB1A55512AFD772900F9A74A /* CustomSlider.swift */,
				FB1A55532AFD773F00F9A74A /* Button1MedTracker.swift */,
				1709488E2BAE8FB1007E3E8B /* StylesMedTracker.swift */,
				FB17DAB42B0D771F006294BD /* FloatToString.swift */,
				F87256772B128AAA00044A05 /* Notifications.swift */,
				F8DEFE3D2BBFA99800936499 /* DateSection.swift */,
			);
			path = Elements;
			sourceTree = "<group>";
		};
		FBEC06352B081497007AC73B /* Repository */ = {
			isa = PBXGroup;
			children = (
				FBEC06362B0814B6007AC73B /* Repository.swift */,
			);
			path = Repository;
			sourceTree = "<group>";
		};
/* End PBXGroup section */

/* Begin PBXNativeTarget section */
		FB87FECA2ADDEE9800F6273B /* medTracker */ = {
			isa = PBXNativeTarget;
			buildConfigurationList = FB87FED92ADDEEA100F6273B /* Build configuration list for PBXNativeTarget "medTracker" */;
			buildPhases = (
				FB87FEC72ADDEE9800F6273B /* Sources */,
				FB87FEC82ADDEE9800F6273B /* Frameworks */,
				FB87FEC92ADDEE9800F6273B /* Resources */,
			);
			buildRules = (
			);
			dependencies = (
			);
			name = medTracker;
			packageProductDependencies = (
				F8B0CA952BC5956500CB8497 /* SegmentedPicker */,
				F8B0CA972BC5956E00CB8497 /* FirebaseAnalytics */,
				F8B0CA992BC5957400CB8497 /* FirebaseAuth */,
				F8B0CA9B2BC5957D00CB8497 /* FirebaseFirestore */,
				F8B0CA9D2BC5958100CB8497 /* FirebaseFirestoreSwift */,
			);
			productName = medTracker;
			productReference = FB87FECB2ADDEE9800F6273B /* medTracker.app */;
			productType = "com.apple.product-type.application";
		};
/* End PBXNativeTarget section */

/* Begin PBXProject section */
		FB87FEC32ADDEE9800F6273B /* Project object */ = {
			isa = PBXProject;
			attributes = {
				BuildIndependentTargetsInParallel = 1;
				LastSwiftUpdateCheck = 1430;
				LastUpgradeCheck = 1510;
				TargetAttributes = {
					FB87FECA2ADDEE9800F6273B = {
						CreatedOnToolsVersion = 14.3.1;
					};
				};
			};
			buildConfigurationList = FB87FEC62ADDEE9800F6273B /* Build configuration list for PBXProject "medTracker" */;
			compatibilityVersion = "Xcode 14.0";
			developmentRegion = en;
			hasScannedForEncodings = 0;
			knownRegions = (
				en,
				Base,
			);
			mainGroup = FB87FEC22ADDEE9800F6273B;
			packageReferences = (
				FBC80D962AF5AE0700820A3A /* XCRemoteSwiftPackageReference "SwiftySegmentedPicker" */,
				1718E8B82B4F3802001691B8 /* XCRemoteSwiftPackageReference "firebase-ios-sdk" */,
			);
			productRefGroup = FB87FECC2ADDEE9800F6273B /* Products */;
			projectDirPath = "";
			projectRoot = "";
			targets = (
				FB87FECA2ADDEE9800F6273B /* medTracker */,
			);
		};
/* End PBXProject section */

/* Begin PBXResourcesBuildPhase section */
		FB87FEC92ADDEE9800F6273B /* Resources */ = {
			isa = PBXResourcesBuildPhase;
			buildActionMask = 2147483647;
			files = (
				FB87FED62ADDEEA100F6273B /* Preview Assets.xcassets in Resources */,
				FB87FED32ADDEEA100F6273B /* Assets.xcassets in Resources */,
				1718E8B72B4F3736001691B8 /* GoogleService-Info.plist in Resources */,
			);
			runOnlyForDeploymentPostprocessing = 0;
		};
/* End PBXResourcesBuildPhase section */

/* Begin PBXSourcesBuildPhase section */
		FB87FEC72ADDEE9800F6273B /* Sources */ = {
			isa = PBXSourcesBuildPhase;
			buildActionMask = 2147483647;
			files = (
				FBEC06372B0814B6007AC73B /* Repository.swift in Sources */,
				17DBF1C42BB230D6005DBF11 /* CS_TypeView.swift in Sources */,
				177BB6B32BC6FED6000C8E26 /* AnnotationView.swift in Sources */,
				FB1A55542AFD773F00F9A74A /* Button1MedTracker.swift in Sources */,
				FB0EC3942B12721A00E7309B /* MainDoctorView.swift in Sources */,
				1789E8172B59DF0E0087531D /* EditSymptomViewModel.swift in Sources */,
				FB86F0732AFEC42A0051C6A6 /* RegisterList.swift in Sources */,
				FB1A55522AFD772900F9A74A /* CustomSlider.swift in Sources */,
				17E5CEEA2BC0B15100F57199 /* NotificationManager.swift in Sources */,
				F839EFF12AE0C4AE00CB5327 /* RegisterSymptomView.swift in Sources */,
				FB86F0712AFEC4160051C6A6 /* SymptomList.swift in Sources */,
				173EF29F2BB1C9DB00F7ACF9 /* IconColorView.swift in Sources */,
				173EF2982BB137BE00F7ACF9 /* IconModel.swift in Sources */,
				173EF2A12BB1D23700F7ACF9 /* HelpView.swift in Sources */,
				173EF29A2BB1B68C00F7ACF9 /* IconPicker.swift in Sources */,
				FBD940B32AFD754A00C3BD11 /* RegisterView.swift in Sources */,
				FB6BBA162B0A990C008EFA9A /* FormViewModel.swift in Sources */,
				17117A072BB75B050009FED6 /* ChangingText.swift in Sources */,
				FBD940B52AFD759D00C3BD11 /* LogInView.swift in Sources */,
				FB0EC3A92B13144B00E7309B /* PatientsData.swift in Sources */,
				173EF2A62BB20C9700F7ACF9 /* WeeklyNotificationsView.swift in Sources */,
				F82095A02AF58ACE002F1C28 /* Symptom.swift in Sources */,
				FB7EBC602B0BDF0B00FBAE8D /* EmptyListView.swift in Sources */,
				FB0EC3A72B130DEB00E7309B /* DoctorProfileView.swift in Sources */,
				17DBF1CA2BB24C26005DBF11 /* NotificationHeaderView.swift in Sources */,
				FB9959A62B0C109500B0A888 /* HelperFunctions.swift in Sources */,
				FBB5AD362AFC2829003918CA /* Register.swift in Sources */,
				FBD940B72AFD763000C3BD11 /* HomeView.swift in Sources */,
				177B37632B575433009CB58D /* ShowEditSymptomView.swift in Sources */,
				FB0EC3A32B13049700E7309B /* rowPatient.swift in Sources */,
				FBE41E742AF6D464007B48E5 /* User.swift in Sources */,
				170948992BAEA033007E3E8B /* BarChartView.swift in Sources */,
				170948972BAE96BB007E3E8B /* ChartView.swift in Sources */,
				170948642BAB5BB2007E3E8B /* AnalysisView.swift in Sources */,
				FB0EC3A12B12FF9400E7309B /* PatientList.swift in Sources */,
				1700F3BD2B51D713009D0A62 /* FirestoreExtensions.swift in Sources */,
				FB0EC39F2B12FEC600E7309B /* Patient.swift in Sources */,
				170948892BAE8900007E3E8B /* InsightsView.swift in Sources */,
				FB87FED12ADDEE9800F6273B /* MainView.swift in Sources */,
				1709488F2BAE8FB1007E3E8B /* StylesMedTracker.swift in Sources */,
				FB0EC3AB2B13181300E7309B /* AnalysisDoctorView.swift in Sources */,
				17F133692B98E401004C6D8F /* GlobalUtilities.swift in Sources */,
				F8A27C692BBFA656006513FC /* ListItemView.swift in Sources */,
				FBD940B12AFD74D100C3BD11 /* AuthenticationView.swift in Sources */,
				FB6BBA122B09791A008EFA9A /* AuthService.swift in Sources */,
				1709488B2BAE8CAB007E3E8B /* LineChartView.swift in Sources */,
				173EF2722BB0D11200F7ACF9 /* CreateSymptomView.swift in Sources */,
				1709488D2BAE8E5B007E3E8B /* AnalysisViewExtensions.swift in Sources */,
				FBD940AF2AFD73E800C3BD11 /* EditSymptomView.swift in Sources */,
				1789E8192B59ED780087531D /* registersView.swift in Sources */,
				17E5CEE82BC08EE600F57199 /* DateUtility.swift in Sources */,
				177BB6D52BC7126A000C8E26 /* ShareButtonView.swift in Sources */,
				FB0EC39D2B12D3DC00E7309B /* DismissButtonExtension.swift in Sources */,
				179E78B82BB71FB700623AF1 /* Alert+Error.swift in Sources */,
				FB6BBA142B0979B6008EFA9A /* AuthViewModel.swift in Sources */,
				17DBF1C62BB2355B005DBF11 /* PersonalizedNotificationsView.swift in Sources */,
				FBC7EF742B08263A00EDD70F /* UserModel.swift in Sources */,
				170C07F62B51EE3A00AB937A /* WelcomeView.swift in Sources */,
				F87256782B128AAA00044A05 /* Notifications.swift in Sources */,
				173EF29D2BB1BA5900F7ACF9 /* ColorExtensions.swift in Sources */,
				FB17DAB52B0D771F006294BD /* FloatToString.swift in Sources */,
				179E78B62BB70EB500623AF1 /* MandatoryField.swift in Sources */,
				1763C8062BC8076D00F9BDED /* AddDoctorView.swift in Sources */,
				FB87FECF2ADDEE9800F6273B /* medTrackerApp.swift in Sources */,
				17DBF1C22BB22FE5005DBF11 /* CS_NameView.swift in Sources */,
				173EF2A32BB1DEE700F7ACF9 /* NotificationsView.swift in Sources */,
				177BB6D72BC74DD3000C8E26 /* ProfileView.swift in Sources */,
				17DBF1C82BB245ED005DBF11 /* WeeklyIntervalView.swift in Sources */,
				170948862BAE3E24007E3E8B /* tempSignOut.swift in Sources */,
				F8DEFE3E2BBFA99800936499 /* DateSection.swift in Sources */,
				1763C8042BC76E1C00F9BDED /* DoctorsViewModel.swift in Sources */,
			);
			runOnlyForDeploymentPostprocessing = 0;
		};
/* End PBXSourcesBuildPhase section */

/* Begin XCBuildConfiguration section */
		FB87FED72ADDEEA100F6273B /* Debug */ = {
			isa = XCBuildConfiguration;
			buildSettings = {
				ALWAYS_SEARCH_USER_PATHS = NO;
				CLANG_ANALYZER_NONNULL = YES;
				CLANG_ANALYZER_NUMBER_OBJECT_CONVERSION = YES_AGGRESSIVE;
				CLANG_CXX_LANGUAGE_STANDARD = "gnu++20";
				CLANG_ENABLE_MODULES = YES;
				CLANG_ENABLE_OBJC_ARC = YES;
				CLANG_ENABLE_OBJC_WEAK = YES;
				CLANG_WARN_BLOCK_CAPTURE_AUTORELEASING = YES;
				CLANG_WARN_BOOL_CONVERSION = YES;
				CLANG_WARN_COMMA = YES;
				CLANG_WARN_CONSTANT_CONVERSION = YES;
				CLANG_WARN_DEPRECATED_OBJC_IMPLEMENTATIONS = YES;
				CLANG_WARN_DIRECT_OBJC_ISA_USAGE = YES_ERROR;
				CLANG_WARN_DOCUMENTATION_COMMENTS = YES;
				CLANG_WARN_EMPTY_BODY = YES;
				CLANG_WARN_ENUM_CONVERSION = YES;
				CLANG_WARN_INFINITE_RECURSION = YES;
				CLANG_WARN_INT_CONVERSION = YES;
				CLANG_WARN_NON_LITERAL_NULL_CONVERSION = YES;
				CLANG_WARN_OBJC_IMPLICIT_RETAIN_SELF = YES;
				CLANG_WARN_OBJC_LITERAL_CONVERSION = YES;
				CLANG_WARN_OBJC_ROOT_CLASS = YES_ERROR;
				CLANG_WARN_QUOTED_INCLUDE_IN_FRAMEWORK_HEADER = YES;
				CLANG_WARN_RANGE_LOOP_ANALYSIS = YES;
				CLANG_WARN_STRICT_PROTOTYPES = YES;
				CLANG_WARN_SUSPICIOUS_MOVE = YES;
				CLANG_WARN_UNGUARDED_AVAILABILITY = YES_AGGRESSIVE;
				CLANG_WARN_UNREACHABLE_CODE = YES;
				CLANG_WARN__DUPLICATE_METHOD_MATCH = YES;
				COPY_PHASE_STRIP = NO;
				DEBUG_INFORMATION_FORMAT = dwarf;
				ENABLE_STRICT_OBJC_MSGSEND = YES;
				ENABLE_TESTABILITY = YES;
				ENABLE_USER_SCRIPT_SANDBOXING = YES;
				GCC_C_LANGUAGE_STANDARD = gnu11;
				GCC_DYNAMIC_NO_PIC = NO;
				GCC_NO_COMMON_BLOCKS = YES;
				GCC_OPTIMIZATION_LEVEL = 0;
				GCC_PREPROCESSOR_DEFINITIONS = (
					"DEBUG=1",
					"$(inherited)",
				);
				GCC_WARN_64_TO_32_BIT_CONVERSION = YES;
				GCC_WARN_ABOUT_RETURN_TYPE = YES_ERROR;
				GCC_WARN_UNDECLARED_SELECTOR = YES;
				GCC_WARN_UNINITIALIZED_AUTOS = YES_AGGRESSIVE;
				GCC_WARN_UNUSED_FUNCTION = YES;
				GCC_WARN_UNUSED_VARIABLE = YES;
				IPHONEOS_DEPLOYMENT_TARGET = 16.0;
				MTL_ENABLE_DEBUG_INFO = INCLUDE_SOURCE;
				MTL_FAST_MATH = YES;
				ONLY_ACTIVE_ARCH = YES;
				SDKROOT = iphoneos;
				SWIFT_ACTIVE_COMPILATION_CONDITIONS = DEBUG;
				SWIFT_OPTIMIZATION_LEVEL = "-Onone";
			};
			name = Debug;
		};
		FB87FED82ADDEEA100F6273B /* Release */ = {
			isa = XCBuildConfiguration;
			buildSettings = {
				ALWAYS_SEARCH_USER_PATHS = NO;
				CLANG_ANALYZER_NONNULL = YES;
				CLANG_ANALYZER_NUMBER_OBJECT_CONVERSION = YES_AGGRESSIVE;
				CLANG_CXX_LANGUAGE_STANDARD = "gnu++20";
				CLANG_ENABLE_MODULES = YES;
				CLANG_ENABLE_OBJC_ARC = YES;
				CLANG_ENABLE_OBJC_WEAK = YES;
				CLANG_WARN_BLOCK_CAPTURE_AUTORELEASING = YES;
				CLANG_WARN_BOOL_CONVERSION = YES;
				CLANG_WARN_COMMA = YES;
				CLANG_WARN_CONSTANT_CONVERSION = YES;
				CLANG_WARN_DEPRECATED_OBJC_IMPLEMENTATIONS = YES;
				CLANG_WARN_DIRECT_OBJC_ISA_USAGE = YES_ERROR;
				CLANG_WARN_DOCUMENTATION_COMMENTS = YES;
				CLANG_WARN_EMPTY_BODY = YES;
				CLANG_WARN_ENUM_CONVERSION = YES;
				CLANG_WARN_INFINITE_RECURSION = YES;
				CLANG_WARN_INT_CONVERSION = YES;
				CLANG_WARN_NON_LITERAL_NULL_CONVERSION = YES;
				CLANG_WARN_OBJC_IMPLICIT_RETAIN_SELF = YES;
				CLANG_WARN_OBJC_LITERAL_CONVERSION = YES;
				CLANG_WARN_OBJC_ROOT_CLASS = YES_ERROR;
				CLANG_WARN_QUOTED_INCLUDE_IN_FRAMEWORK_HEADER = YES;
				CLANG_WARN_RANGE_LOOP_ANALYSIS = YES;
				CLANG_WARN_STRICT_PROTOTYPES = YES;
				CLANG_WARN_SUSPICIOUS_MOVE = YES;
				CLANG_WARN_UNGUARDED_AVAILABILITY = YES_AGGRESSIVE;
				CLANG_WARN_UNREACHABLE_CODE = YES;
				CLANG_WARN__DUPLICATE_METHOD_MATCH = YES;
				COPY_PHASE_STRIP = NO;
				DEBUG_INFORMATION_FORMAT = "dwarf-with-dsym";
				ENABLE_NS_ASSERTIONS = NO;
				ENABLE_STRICT_OBJC_MSGSEND = YES;
				ENABLE_USER_SCRIPT_SANDBOXING = YES;
				GCC_C_LANGUAGE_STANDARD = gnu11;
				GCC_NO_COMMON_BLOCKS = YES;
				GCC_WARN_64_TO_32_BIT_CONVERSION = YES;
				GCC_WARN_ABOUT_RETURN_TYPE = YES_ERROR;
				GCC_WARN_UNDECLARED_SELECTOR = YES;
				GCC_WARN_UNINITIALIZED_AUTOS = YES_AGGRESSIVE;
				GCC_WARN_UNUSED_FUNCTION = YES;
				GCC_WARN_UNUSED_VARIABLE = YES;
				IPHONEOS_DEPLOYMENT_TARGET = 16.0;
				MTL_ENABLE_DEBUG_INFO = NO;
				MTL_FAST_MATH = YES;
				SDKROOT = iphoneos;
				SWIFT_COMPILATION_MODE = wholemodule;
				SWIFT_OPTIMIZATION_LEVEL = "-O";
				VALIDATE_PRODUCT = YES;
			};
			name = Release;
		};
		FB87FEDA2ADDEEA100F6273B /* Debug */ = {
			isa = XCBuildConfiguration;
			buildSettings = {
				ASSETCATALOG_COMPILER_APPICON_NAME = AppIcon;
				ASSETCATALOG_COMPILER_GLOBAL_ACCENT_COLOR_NAME = AccentColor;
				CODE_SIGN_STYLE = Automatic;
				CURRENT_PROJECT_VERSION = 1;
				DEVELOPMENT_ASSET_PATHS = "\"medTracker/Resources/Preview Content\"";
				DEVELOPMENT_TEAM = 7MLM8NTU75;
				ENABLE_PREVIEWS = YES;
				GENERATE_INFOPLIST_FILE = YES;
				INFOPLIST_KEY_UIApplicationSceneManifest_Generation = YES;
				INFOPLIST_KEY_UIApplicationSupportsIndirectInputEvents = YES;
				INFOPLIST_KEY_UILaunchScreen_Generation = YES;
				INFOPLIST_KEY_UISupportedInterfaceOrientations_iPad = "UIInterfaceOrientationPortrait UIInterfaceOrientationPortraitUpsideDown UIInterfaceOrientationLandscapeLeft UIInterfaceOrientationLandscapeRight";
				INFOPLIST_KEY_UISupportedInterfaceOrientations_iPhone = "UIInterfaceOrientationPortrait UIInterfaceOrientationLandscapeLeft UIInterfaceOrientationLandscapeRight";
				IPHONEOS_DEPLOYMENT_TARGET = 16;
				LD_RUNPATH_SEARCH_PATHS = (
					"$(inherited)",
					"@executable_path/Frameworks",
				);
				MARKETING_VERSION = 1.0;
				PRODUCT_BUNDLE_IDENTIFIER = mx.tec.medTracker;
				PRODUCT_NAME = "$(TARGET_NAME)";
				SUPPORTED_PLATFORMS = "iphoneos iphonesimulator";
				SUPPORTS_MACCATALYST = NO;
				SUPPORTS_MAC_DESIGNED_FOR_IPHONE_IPAD = NO;
				SWIFT_EMIT_LOC_STRINGS = YES;
				SWIFT_VERSION = 5.0;
				TARGETED_DEVICE_FAMILY = 1;
			};
			name = Debug;
		};
		FB87FEDB2ADDEEA100F6273B /* Release */ = {
			isa = XCBuildConfiguration;
			buildSettings = {
				ASSETCATALOG_COMPILER_APPICON_NAME = AppIcon;
				ASSETCATALOG_COMPILER_GLOBAL_ACCENT_COLOR_NAME = AccentColor;
				CODE_SIGN_STYLE = Automatic;
				CURRENT_PROJECT_VERSION = 1;
				DEVELOPMENT_ASSET_PATHS = "\"medTracker/Resources/Preview Content\"";
				DEVELOPMENT_TEAM = 7MLM8NTU75;
				ENABLE_PREVIEWS = YES;
				GENERATE_INFOPLIST_FILE = YES;
				INFOPLIST_KEY_UIApplicationSceneManifest_Generation = YES;
				INFOPLIST_KEY_UIApplicationSupportsIndirectInputEvents = YES;
				INFOPLIST_KEY_UILaunchScreen_Generation = YES;
				INFOPLIST_KEY_UISupportedInterfaceOrientations_iPad = "UIInterfaceOrientationPortrait UIInterfaceOrientationPortraitUpsideDown UIInterfaceOrientationLandscapeLeft UIInterfaceOrientationLandscapeRight";
				INFOPLIST_KEY_UISupportedInterfaceOrientations_iPhone = "UIInterfaceOrientationPortrait UIInterfaceOrientationLandscapeLeft UIInterfaceOrientationLandscapeRight";
				IPHONEOS_DEPLOYMENT_TARGET = 16;
				LD_RUNPATH_SEARCH_PATHS = (
					"$(inherited)",
					"@executable_path/Frameworks",
				);
				MARKETING_VERSION = 1.0;
				PRODUCT_BUNDLE_IDENTIFIER = mx.tec.medTracker;
				PRODUCT_NAME = "$(TARGET_NAME)";
				SUPPORTED_PLATFORMS = "iphoneos iphonesimulator";
				SUPPORTS_MACCATALYST = NO;
				SUPPORTS_MAC_DESIGNED_FOR_IPHONE_IPAD = NO;
				SWIFT_EMIT_LOC_STRINGS = YES;
				SWIFT_VERSION = 5.0;
				TARGETED_DEVICE_FAMILY = 1;
			};
			name = Release;
		};
/* End XCBuildConfiguration section */

/* Begin XCConfigurationList section */
		FB87FEC62ADDEE9800F6273B /* Build configuration list for PBXProject "medTracker" */ = {
			isa = XCConfigurationList;
			buildConfigurations = (
				FB87FED72ADDEEA100F6273B /* Debug */,
				FB87FED82ADDEEA100F6273B /* Release */,
			);
			defaultConfigurationIsVisible = 0;
			defaultConfigurationName = Release;
		};
		FB87FED92ADDEEA100F6273B /* Build configuration list for PBXNativeTarget "medTracker" */ = {
			isa = XCConfigurationList;
			buildConfigurations = (
				FB87FEDA2ADDEEA100F6273B /* Debug */,
				FB87FEDB2ADDEEA100F6273B /* Release */,
			);
			defaultConfigurationIsVisible = 0;
			defaultConfigurationName = Release;
		};
/* End XCConfigurationList section */

/* Begin XCRemoteSwiftPackageReference section */
		1718E8B82B4F3802001691B8 /* XCRemoteSwiftPackageReference "firebase-ios-sdk" */ = {
			isa = XCRemoteSwiftPackageReference;
			repositoryURL = "https://github.com/firebase/firebase-ios-sdk.git";
			requirement = {
				kind = upToNextMajorVersion;
				minimumVersion = 10.19.1;
			};
		};
		FBC80D962AF5AE0700820A3A /* XCRemoteSwiftPackageReference "SwiftySegmentedPicker" */ = {
			isa = XCRemoteSwiftPackageReference;
			repositoryURL = "https://github.com/KazaiMazai/SwiftySegmentedPicker.git";
			requirement = {
				kind = upToNextMajorVersion;
				minimumVersion = 0.0.2;
			};
		};
/* End XCRemoteSwiftPackageReference section */

/* Begin XCSwiftPackageProductDependency section */
		F8B0CA952BC5956500CB8497 /* SegmentedPicker */ = {
			isa = XCSwiftPackageProductDependency;
			package = FBC80D962AF5AE0700820A3A /* XCRemoteSwiftPackageReference "SwiftySegmentedPicker" */;
			productName = SegmentedPicker;
		};
		F8B0CA972BC5956E00CB8497 /* FirebaseAnalytics */ = {
			isa = XCSwiftPackageProductDependency;
			package = 1718E8B82B4F3802001691B8 /* XCRemoteSwiftPackageReference "firebase-ios-sdk" */;
			productName = FirebaseAnalytics;
		};
		F8B0CA992BC5957400CB8497 /* FirebaseAuth */ = {
			isa = XCSwiftPackageProductDependency;
			package = 1718E8B82B4F3802001691B8 /* XCRemoteSwiftPackageReference "firebase-ios-sdk" */;
			productName = FirebaseAuth;
		};
		F8B0CA9B2BC5957D00CB8497 /* FirebaseFirestore */ = {
			isa = XCSwiftPackageProductDependency;
			package = 1718E8B82B4F3802001691B8 /* XCRemoteSwiftPackageReference "firebase-ios-sdk" */;
			productName = FirebaseFirestore;
		};
		F8B0CA9D2BC5958100CB8497 /* FirebaseFirestoreSwift */ = {
			isa = XCSwiftPackageProductDependency;
			package = 1718E8B82B4F3802001691B8 /* XCRemoteSwiftPackageReference "firebase-ios-sdk" */;
			productName = FirebaseFirestoreSwift;
		};
/* End XCSwiftPackageProductDependency section */
	};
	rootObject = FB87FEC32ADDEE9800F6273B /* Project object */;
}
